
Microsoft Visual Studio Solution File, Format Version 12.00
# Visual Studio Version 17
VisualStudioVersion = 17.13.35828.75 d17.13
MinimumVisualStudioVersion = 10.0.40219.1
Project("{FAE04EC0-301F-11D3-BF4B-00C04F79EFBC}") = "EventEase", "EventEase\EventEase.csproj", "{48B428EC-4EC5-418D-BBB2-423BA7C20316}"
EndProject
Global
	GlobalSection(SolutionConfigurationPlatforms) = preSolution
		Debug|Any CPU = Debug|Any CPU
		Release|Any CPU = Release|Any CPU
	EndGlobalSection
	GlobalSection(ProjectConfigurationPlatforms) = postSolution
		{48B428EC-4EC5-418D-BBB2-423BA7C20316}.Debug|Any CPU.ActiveCfg = Debug|Any CPU
		{48B428EC-4EC5-418D-BBB2-423BA7C20316}.Debug|Any CPU.Build.0 = Debug|Any CPU
		{48B428EC-4EC5-418D-BBB2-423BA7C20316}.Release|Any CPU.ActiveCfg = Release|Any CPU
		{48B428EC-4EC5-418D-BBB2-423BA7C20316}.Release|Any CPU.Build.0 = Release|Any CPU
	EndGlobalSection
	GlobalSection(SolutionProperties) = preSolution
		HideSolutionNode = FALSE
	EndGlobalSection
	GlobalSection(ExtensibilityGlobals) = postSolution
		SolutionGuid = {8F860EC0-D945-4DD8-88C1-3C0F4B49AC04}
	EndGlobalSection
EndGlobal
